
Microsoft Visual Studio Solution File, Format Version 12.00
# Visual Studio Version 16
VisualStudioVersion = 16.0.30503.244
MinimumVisualStudioVersion = 10.0.40219.1
Project("{8BC9CEB8-8B4A-11D0-8D11-00A0C91BC942}") = "Dota2Overlay-3.0", "Dota2Overlay-3.0\Dota2Overlay-3.0.vcxproj", "{ABCA9822-2027-46DF-A2F2-A7A796ACC39E}"
EndProject
Global
	GlobalSection(SolutionConfigurationPlatforms) = preSolution
		Debug|x64 = Debug|x64
		Release|x64 = Release|x64
	EndGlobalSection
	GlobalSection(ProjectConfigurationPlatforms) = postSolution
		{ABCA9822-2027-46DF-A2F2-A7A796ACC39E}.Debug|x64.ActiveCfg = Debug|x64
		{ABCA9822-2027-46DF-A2F2-A7A796ACC39E}.Debug|x64.Build.0 = Debug|x64
		{ABCA9822-2027-46DF-A2F2-A7A796ACC39E}.Release|x64.ActiveCfg = Release|x64
		{ABCA9822-2027-46DF-A2F2-A7A796ACC39E}.Release|x64.Build.0 = Release|x64
	EndGlobalSection
	GlobalSection(SolutionProperties) = preSolution
		HideSolutionNode = FALSE
	EndGlobalSection
	GlobalSection(ExtensibilityGlobals) = postSolution
		SolutionGuid = {C62968BE-B547-43EB-B1C8-6597C111436D}
	EndGlobalSection
EndGlobal
